
Microsoft Visual Studio Solution File, Format Version 12.00
Project("{FAE04EC0-301F-11D3-BF4B-00C04F79EFBC}") = "SecondMethod", "SecondMethod\SecondMethod.csproj", "{D69E74F3-37B8-4BDF-AB0D-159251F54C17}"
EndProject
Project("{FAE04EC0-301F-11D3-BF4B-00C04F79EFBC}") = "ThirdMethod", "ThirdMethod\ThirdMethod.csproj", "{5BB8910F-ACAB-40D0-A12B-5CF1E8AEBD22}"
EndProject
Global
	GlobalSection(SolutionConfigurationPlatforms) = preSolution
		Debug|Any CPU = Debug|Any CPU
		Release|Any CPU = Release|Any CPU
	EndGlobalSection
	GlobalSection(ProjectConfigurationPlatforms) = postSolution
		{D69E74F3-37B8-4BDF-AB0D-159251F54C17}.Debug|Any CPU.ActiveCfg = Debug|Any CPU
		{D69E74F3-37B8-4BDF-AB0D-159251F54C17}.Debug|Any CPU.Build.0 = Debug|Any CPU
		{D69E74F3-37B8-4BDF-AB0D-159251F54C17}.Release|Any CPU.ActiveCfg = Release|Any CPU
		{D69E74F3-37B8-4BDF-AB0D-159251F54C17}.Release|Any CPU.Build.0 = Release|Any CPU
		{5BB8910F-ACAB-40D0-A12B-5CF1E8AEBD22}.Debug|Any CPU.ActiveCfg = Debug|Any CPU
		{5BB8910F-ACAB-40D0-A12B-5CF1E8AEBD22}.Debug|Any CPU.Build.0 = Debug|Any CPU
		{5BB8910F-ACAB-40D0-A12B-5CF1E8AEBD22}.Release|Any CPU.ActiveCfg = Release|Any CPU
		{5BB8910F-ACAB-40D0-A12B-5CF1E8AEBD22}.Release|Any CPU.Build.0 = Release|Any CPU
	EndGlobalSection
EndGlobal
